
Microsoft Visual Studio Solution File, Format Version 12.00
# Visual Studio Version 17
VisualStudioVersion = 17.5.002.0
MinimumVisualStudioVersion = 10.0.40219.1
Project("{9A19103F-16F7-4668-BE54-9A1E7A4F7556}") = "server", "server.csproj", "{84172F44-E02B-4A4B-891C-CCFED970E9C1}"
EndProject
Global
	GlobalSection(SolutionConfigurationPlatforms) = preSolution
		Debug|Any CPU = Debug|Any CPU
		Release|Any CPU = Release|Any CPU
	EndGlobalSection
	GlobalSection(ProjectConfigurationPlatforms) = postSolution
		{84172F44-E02B-4A4B-891C-CCFED970E9C1}.Debug|Any CPU.ActiveCfg = Debug|Any CPU
		{84172F44-E02B-4A4B-891C-CCFED970E9C1}.Debug|Any CPU.Build.0 = Debug|Any CPU
		{84172F44-E02B-4A4B-891C-CCFED970E9C1}.Release|Any CPU.ActiveCfg = Release|Any CPU
		{84172F44-E02B-4A4B-891C-CCFED970E9C1}.Release|Any CPU.Build.0 = Release|Any CPU
	EndGlobalSection
	GlobalSection(SolutionProperties) = preSolution
		HideSolutionNode = FALSE
	EndGlobalSection
	GlobalSection(ExtensibilityGlobals) = postSolution
		SolutionGuid = {F293C6A9-5AB8-4C75-B67F-AFD1C573E02A}
	EndGlobalSection
EndGlobal
